
Microsoft Visual Studio Solution File, Format Version 12.00
# Visual Studio Version 16
VisualStudioVersion = 16.0.30503.244
MinimumVisualStudioVersion = 10.0.40219.1
Project("{8BC9CEB8-8B4A-11D0-8D11-00A0C91BC942}") = "classwork", "classwork\classwork.vcxproj", "{339E4625-CD28-4F49-A07C-319EDA752BBF}"
EndProject
Project("{8BC9CEB8-8B4A-11D0-8D11-00A0C91BC942}") = "arrays", "arrays\arrays.vcxproj", "{0B3225A6-2A3B-427E-9DD4-891125D589F2}"
EndProject
Project("{8BC9CEB8-8B4A-11D0-8D11-00A0C91BC942}") = "strings", "strings\strings.vcxproj", "{107687AB-698B-4136-BC63-CDD2633556F6}"
EndProject
Global
	GlobalSection(SolutionConfigurationPlatforms) = preSolution
		Debug|x64 = Debug|x64
		Debug|x86 = Debug|x86
		Release|x64 = Release|x64
		Release|x86 = Release|x86
	EndGlobalSection
	GlobalSection(ProjectConfigurationPlatforms) = postSolution
		{339E4625-CD28-4F49-A07C-319EDA752BBF}.Debug|x64.ActiveCfg = Debug|x64
		{339E4625-CD28-4F49-A07C-319EDA752BBF}.Debug|x64.Build.0 = Debug|x64
		{339E4625-CD28-4F49-A07C-319EDA752BBF}.Debug|x86.ActiveCfg = Debug|Win32
		{339E4625-CD28-4F49-A07C-319EDA752BBF}.Debug|x86.Build.0 = Debug|Win32
		{339E4625-CD28-4F49-A07C-319EDA752BBF}.Release|x64.ActiveCfg = Release|x64
		{339E4625-CD28-4F49-A07C-319EDA752BBF}.Release|x64.Build.0 = Release|x64
		{339E4625-CD28-4F49-A07C-319EDA752BBF}.Release|x86.ActiveCfg = Release|Win32
		{339E4625-CD28-4F49-A07C-319EDA752BBF}.Release|x86.Build.0 = Release|Win32
		{0B3225A6-2A3B-427E-9DD4-891125D589F2}.Debug|x64.ActiveCfg = Debug|x64
		{0B3225A6-2A3B-427E-9DD4-891125D589F2}.Debug|x64.Build.0 = Debug|x64
		{0B3225A6-2A3B-427E-9DD4-891125D589F2}.Debug|x86.ActiveCfg = Debug|Win32
		{0B3225A6-2A3B-427E-9DD4-891125D589F2}.Debug|x86.Build.0 = Debug|Win32
		{0B3225A6-2A3B-427E-9DD4-891125D589F2}.Release|x64.ActiveCfg = Release|x64
		{0B3225A6-2A3B-427E-9DD4-891125D589F2}.Release|x64.Build.0 = Release|x64
		{0B3225A6-2A3B-427E-9DD4-891125D589F2}.Release|x86.ActiveCfg = Release|Win32
		{0B3225A6-2A3B-427E-9DD4-891125D589F2}.Release|x86.Build.0 = Release|Win32
		{107687AB-698B-4136-BC63-CDD2633556F6}.Debug|x64.ActiveCfg = Debug|x64
		{107687AB-698B-4136-BC63-CDD2633556F6}.Debug|x64.Build.0 = Debug|x64
		{107687AB-698B-4136-BC63-CDD2633556F6}.Debug|x86.ActiveCfg = Debug|Win32
		{107687AB-698B-4136-BC63-CDD2633556F6}.Debug|x86.Build.0 = Debug|Win32
		{107687AB-698B-4136-BC63-CDD2633556F6}.Release|x64.ActiveCfg = Release|x64
		{107687AB-698B-4136-BC63-CDD2633556F6}.Release|x64.Build.0 = Release|x64
		{107687AB-698B-4136-BC63-CDD2633556F6}.Release|x86.ActiveCfg = Release|Win32
		{107687AB-698B-4136-BC63-CDD2633556F6}.Release|x86.Build.0 = Release|Win32
	EndGlobalSection
	GlobalSection(SolutionProperties) = preSolution
		HideSolutionNode = FALSE
	EndGlobalSection
	GlobalSection(ExtensibilityGlobals) = postSolution
		SolutionGuid = {34422AAB-3B3C-475A-89B8-C367714D5F4B}
	EndGlobalSection
EndGlobal
